
Microsoft Visual Studio Solution File, Format Version 12.00
# Visual Studio Version 17
VisualStudioVersion = 17.8.34408.163
MinimumVisualStudioVersion = 10.0.40219.1
Project("{FAE04EC0-301F-11D3-BF4B-00C04F79EFBC}") = "Лабораторна робота 1", "Лабораторна робота 1\Лабораторна робота 1.csproj", "{E239A3DA-567F-46A1-8613-C371DEEBDE34}"
EndProject
Global
	GlobalSection(SolutionConfigurationPlatforms) = preSolution
		Debug|Any CPU = Debug|Any CPU
		Release|Any CPU = Release|Any CPU
	EndGlobalSection
	GlobalSection(ProjectConfigurationPlatforms) = postSolution
		{E239A3DA-567F-46A1-8613-C371DEEBDE34}.Debug|Any CPU.ActiveCfg = Debug|Any CPU
		{E239A3DA-567F-46A1-8613-C371DEEBDE34}.Debug|Any CPU.Build.0 = Debug|Any CPU
		{E239A3DA-567F-46A1-8613-C371DEEBDE34}.Release|Any CPU.ActiveCfg = Release|Any CPU
		{E239A3DA-567F-46A1-8613-C371DEEBDE34}.Release|Any CPU.Build.0 = Release|Any CPU
	EndGlobalSection
	GlobalSection(SolutionProperties) = preSolution
		HideSolutionNode = FALSE
	EndGlobalSection
	GlobalSection(ExtensibilityGlobals) = postSolution
		SolutionGuid = {844343D9-D194-47F8-B1B8-7B673B7BF0A2}
	EndGlobalSection
EndGlobal
